// !$*UTF8*$!
{
	archiveVersion = 1;
	classes = {
	};
	objectVersion = 46;
	objects = {

/* Begin PBXBuildFile section */
		042592311BBDEE7B0076016A /* Tweet.swift in Sources */ = {isa = PBXBuildFile; fileRef = 042592301BBDEE7B0076016A /* Tweet.swift */; settings = {ASSET_TAGS = (); }; };
		04EC7A071BB3851300854178 /* AppDelegate.swift in Sources */ = {isa = PBXBuildFile; fileRef = 04EC7A061BB3851300854178 /* AppDelegate.swift */; };
		04EC7A091BB3851300854178 /* ViewController.swift in Sources */ = {isa = PBXBuildFile; fileRef = 04EC7A081BB3851300854178 /* ViewController.swift */; };
		04EC7A0C1BB3851300854178 /* Main.storyboard in Resources */ = {isa = PBXBuildFile; fileRef = 04EC7A0A1BB3851300854178 /* Main.storyboard */; };
		04EC7A0E1BB3851300854178 /* Assets.xcassets in Resources */ = {isa = PBXBuildFile; fileRef = 04EC7A0D1BB3851300854178 /* Assets.xcassets */; };
		04EC7A111BB3851300854178 /* LaunchScreen.storyboard in Resources */ = {isa = PBXBuildFile; fileRef = 04EC7A0F1BB3851300854178 /* LaunchScreen.storyboard */; };
		04EC7A1B1BB385DD00854178 /* TwitterRequest.swift in Sources */ = {isa = PBXBuildFile; fileRef = 04EC7A1A1BB385DD00854178 /* TwitterRequest.swift */; settings = {ASSET_TAGS = (); }; };
/* End PBXBuildFile section */

/* Begin PBXFileReference section */
		042592301BBDEE7B0076016A /* Tweet.swift */ = {isa = PBXFileReference; fileEncoding = 4; lastKnownFileType = sourcecode.swift; path = Tweet.swift; sourceTree = "<group>"; };
		04EC7A031BB3851300854178 /* TweetView.app */ = {isa = PBXFileReference; explicitFileType = wrapper.application; includeInIndex = 0; path = TweetView.app; sourceTree = BUILT_PRODUCTS_DIR; };
		04EC7A061BB3851300854178 /* AppDelegate.swift */ = {isa = PBXFileReference; lastKnownFileType = sourcecode.swift; path = AppDelegate.swift; sourceTree = "<group>"; };
		04EC7A081BB3851300854178 /* ViewController.swift */ = {isa = PBXFileReference; lastKnownFileType = sourcecode.swift; path = ViewController.swift; sourceTree = "<group>"; };
		04EC7A0B1BB3851300854178 /* Base */ = {isa = PBXFileReference; lastKnownFileType = file.storyboard; name = Base; path = Base.lproj/Main.storyboard; sourceTree = "<group>"; };
		04EC7A0D1BB3851300854178 /* Assets.xcassets */ = {isa = PBXFileReference; lastKnownFileType = folder.assetcatalog; path = Assets.xcassets; sourceTree = "<group>"; };
		04EC7A101BB3851300854178 /* Base */ = {isa = PBXFileReference; lastKnownFileType = file.storyboard; name = Base; path = Base.lproj/LaunchScreen.storyboard; sourceTree = "<group>"; };
		04EC7A121BB3851300854178 /* Info.plist */ = {isa = PBXFileReference; lastKnownFileType = text.plist.xml; path = Info.plist; sourceTree = "<group>"; };
		04EC7A1A1BB385DD00854178 /* TwitterRequest.swift */ = {isa = PBXFileReference; fileEncoding = 4; lastKnownFileType = sourcecode.swift; path = TwitterRequest.swift; sourceTree = "<group>"; };
/* End PBXFileReference section */

/* Begin PBXFrameworksBuildPhase section */
		04EC7A001BB3851300854178 /* Frameworks */ = {
			isa = PBXFrameworksBuildPhase;
			buildActionMask = 2147483647;
			files = (
			);
			runOnlyForDeploymentPostprocessing = 0;
		};
/* End PBXFrameworksBuildPhase section */

/* Begin PBXGroup section */
		04EC79FA1BB3851300854178 = {
			isa = PBXGroup;
			children = (
				04EC7A051BB3851300854178 /* TweetView */,
				04EC7A041BB3851300854178 /* Products */,
			);
			sourceTree = "<group>";
		};
		04EC7A041BB3851300854178 /* Products */ = {
			isa = PBXGroup;
			children = (
				04EC7A031BB3851300854178 /* TweetView.app */,
			);
			name = Products;
			sourceTree = "<group>";
		};
		04EC7A051BB3851300854178 /* TweetView */ = {
			isa = PBXGroup;
			children = (
				04EC7A191BB3859600854178 /* Twitter */,
				04EC7A081BB3851300854178 /* ViewController.swift */,
				04EC7A0A1BB3851300854178 /* Main.storyboard */,
				04EC7A181BB3854C00854178 /* Base */,
			);
			path = TweetView;
			sourceTree = "<group>";
		};
		04EC7A181BB3854C00854178 /* Base */ = {
			isa = PBXGroup;
			children = (
				04EC7A0D1BB3851300854178 /* Assets.xcassets */,
				04EC7A121BB3851300854178 /* Info.plist */,
				04EC7A0F1BB3851300854178 /* LaunchScreen.storyboard */,
				04EC7A061BB3851300854178 /* AppDelegate.swift */,
			);
			name = Base;
			sourceTree = "<group>";
		};
		04EC7A191BB3859600854178 /* Twitter */ = {
			isa = PBXGroup;
			children = (
				04EC7A1A1BB385DD00854178 /* TwitterRequest.swift */,
				042592301BBDEE7B0076016A /* Tweet.swift */,
			);
			name = Twitter;
			sourceTree = "<group>";
		};
/* End PBXGroup section */

/* Begin PBXNativeTarget section */
		04EC7A021BB3851300854178 /* TweetView */ = {
			isa = PBXNativeTarget;
			buildConfigurationList = 04EC7A151BB3851300854178 /* Build configuration list for PBXNativeTarget "TweetView" */;
			buildPhases = (
				04EC79FF1BB3851300854178 /* Sources */,
				04EC7A001BB3851300854178 /* Frameworks */,
				04EC7A011BB3851300854178 /* Resources */,
			);
			buildRules = (
			);
			dependencies = (
			);
			name = TweetView;
			productName = TweetView;
			productReference = 04EC7A031BB3851300854178 /* TweetView.app */;
			productType = "com.apple.product-type.application";
		};
/* End PBXNativeTarget section */

/* Begin PBXProject section */
		04EC79FB1BB3851300854178 /* Project object */ = {
			isa = PBXProject;
			attributes = {
				LastUpgradeCheck = 0700;
				ORGANIZATIONNAME = "r-neil";
				TargetAttributes = {
					04EC7A021BB3851300854178 = {
						CreatedOnToolsVersion = 7.0;
					};
				};
			};
			buildConfigurationList = 04EC79FE1BB3851300854178 /* Build configuration list for PBXProject "TweetView" */;
			compatibilityVersion = "Xcode 3.2";
			developmentRegion = English;
			hasScannedForEncodings = 0;
			knownRegions = (
				en,
				Base,
			);
			mainGroup = 04EC79FA1BB3851300854178;
			productRefGroup = 04EC7A041BB3851300854178 /* Products */;
			projectDirPath = "";
			projectRoot = "";
			targets = (
				04EC7A021BB3851300854178 /* TweetView */,
			);
		};
/* End PBXProject section */

/* Begin PBXResourcesBuildPhase section */
		04EC7A011BB3851300854178 /* Resources */ = {
			isa = PBXResourcesBuildPhase;
			buildActionMask = 2147483647;
			files = (
				04EC7A111BB3851300854178 /* LaunchScreen.storyboard in Resources */,
				04EC7A0E1BB3851300854178 /* Assets.xcassets in Resources */,
				04EC7A0C1BB3851300854178 /* Main.storyboard in Resources */,
			);
			runOnlyForDeploymentPostprocessing = 0;
		};
/* End PBXResourcesBuildPhase section */

/* Begin PBXSourcesBuildPhase section */
		04EC79FF1BB3851300854178 /* Sources */ = {
			isa = PBXSourcesBuildPhase;
			buildActionMask = 2147483647;
			files = (
				04EC7A091BB3851300854178 /* ViewController.swift in Sources */,
				04EC7A1B1BB385DD00854178 /* TwitterRequest.swift in Sources */,
				04EC7A071BB3851300854178 /* AppDelegate.swift in Sources */,
				042592311BBDEE7B0076016A /* Tweet.swift in Sources */,
			);
			runOnlyForDeploymentPostprocessing = 0;
		};
/* End PBXSourcesBuildPhase section */

/* Begin PBXVariantGroup section */
		04EC7A0A1BB3851300854178 /* Main.storyboard */ = {
			isa = PBXVariantGroup;
			children = (
				04EC7A0B1BB3851300854178 /* Base */,
			);
			name = Main.storyboard;
			sourceTree = "<group>";
		};
		04EC7A0F1BB3851300854178 /* LaunchScreen.storyboard */ = {
			isa = PBXVariantGroup;
			children = (
				04EC7A101BB3851300854178 /* Base */,
			);
			name = LaunchScreen.storyboard;
			sourceTree = "<group>";
		};
/* End PBXVariantGroup section */

/* Begin XCBuildConfiguration section */
		04EC7A131BB3851300854178 /* Debug */ = {
			isa = XCBuildConfiguration;
			buildSettings = {
				ALWAYS_SEARCH_USER_PATHS = NO;
				CLANG_CXX_LANGUAGE_STANDARD = "gnu++0x";
				CLANG_CXX_LIBRARY = "libc++";
				CLANG_ENABLE_MODULES = YES;
				CLANG_ENABLE_OBJC_ARC = YES;
				CLANG_WARN_BOOL_CONVERSION = YES;
				CLANG_WARN_CONSTANT_CONVERSION = YES;
				CLANG_WARN_DIRECT_OBJC_ISA_USAGE = YES_ERROR;
				CLANG_WARN_EMPTY_BODY = YES;
				CLANG_WARN_ENUM_CONVERSION = YES;
				CLANG_WARN_INT_CONVERSION = YES;
				CLANG_WARN_OBJC_ROOT_CLASS = YES_ERROR;
				CLANG_WARN_UNREACHABLE_CODE = YES;
				CLANG_WARN__DUPLICATE_METHOD_MATCH = YES;
				"CODE_SIGN_IDENTITY[sdk=iphoneos*]" = "iPhone Developer";
				COPY_PHASE_STRIP = NO;
				DEBUG_INFORMATION_FORMAT = dwarf;
				ENABLE_STRICT_OBJC_MSGSEND = YES;
				ENABLE_TESTABILITY = YES;
				GCC_C_LANGUAGE_STANDARD = gnu99;
				GCC_DYNAMIC_NO_PIC = NO;
				GCC_NO_COMMON_BLOCKS = YES;
				GCC_OPTIMIZATION_LEVEL = 0;
				GCC_PREPROCESSOR_DEFINITIONS = (
					"DEBUG=1",
					"$(inherited)",
				);
				GCC_WARN_64_TO_32_BIT_CONVERSION = YES;
				GCC_WARN_ABOUT_RETURN_TYPE = YES_ERROR;
				GCC_WARN_UNDECLARED_SELECTOR = YES;
				GCC_WARN_UNINITIALIZED_AUTOS = YES_AGGRESSIVE;
				GCC_WARN_UNUSED_FUNCTION = YES;
				GCC_WARN_UNUSED_VARIABLE = YES;
				IPHONEOS_DEPLOYMENT_TARGET = 9.0;
				MTL_ENABLE_DEBUG_INFO = YES;
				ONLY_ACTIVE_ARCH = YES;
				SDKROOT = iphoneos;
				SWIFT_OPTIMIZATION_LEVEL = "-Onone";
			};
			name = Debug;
		};
		04EC7A141BB3851300854178 /* Release */ = {
			isa = XCBuildConfiguration;
			buildSettings = {
				ALWAYS_SEARCH_USER_PATHS = NO;
				CLANG_CXX_LANGUAGE_STANDARD = "gnu++0x";
				CLANG_CXX_LIBRARY = "libc++";
				CLANG_ENABLE_MODULES = YES;
				CLANG_ENABLE_OBJC_ARC = YES;
				CLANG_WARN_BOOL_CONVERSION = YES;
				CLANG_WARN_CONSTANT_CONVERSION = YES;
				CLANG_WARN_DIRECT_OBJC_ISA_USAGE = YES_ERROR;
				CLANG_WARN_EMPTY_BODY = YES;
				CLANG_WARN_ENUM_CONVERSION = YES;
				CLANG_WARN_INT_CONVERSION = YES;
				CLANG_WARN_OBJC_ROOT_CLASS = YES_ERROR;
				CLANG_WARN_UNREACHABLE_CODE = YES;
				CLANG_WARN__DUPLICATE_METHOD_MATCH = YES;
				"CODE_SIGN_IDENTITY[sdk=iphoneos*]" = "iPhone Developer";
				COPY_PHASE_STRIP = NO;
				DEBUG_INFORMATION_FORMAT = "dwarf-with-dsym";
				ENABLE_NS_ASSERTIONS = NO;
				ENABLE_STRICT_OBJC_MSGSEND = YES;
				GCC_C_LANGUAGE_STANDARD = gnu99;
				GCC_NO_COMMON_BLOCKS = YES;
				GCC_WARN_64_TO_32_BIT_CONVERSION = YES;
				GCC_WARN_ABOUT_RETURN_TYPE = YES_ERROR;
				GCC_WARN_UNDECLARED_SELECTOR = YES;
				GCC_WARN_UNINITIALIZED_AUTOS = YES_AGGRESSIVE;
				GCC_WARN_UNUSED_FUNCTION = YES;
				GCC_WARN_UNUSED_VARIABLE = YES;
				IPHONEOS_DEPLOYMENT_TARGET = 9.0;
				MTL_ENABLE_DEBUG_INFO = NO;
				SDKROOT = iphoneos;
				VALIDATE_PRODUCT = YES;
			};
			name = Release;
		};
		04EC7A161BB3851300854178 /* Debug */ = {
			isa = XCBuildConfiguration;
			buildSettings = {
				ASSETCATALOG_COMPILER_APPICON_NAME = AppIcon;
				INFOPLIST_FILE = TweetView/Info.plist;
				IPHONEOS_DEPLOYMENT_TARGET = 9.0;
				LD_RUNPATH_SEARCH_PATHS = "$(inherited) @executable_path/Frameworks";
				PRODUCT_BUNDLE_IDENTIFIER = "com.neil-r.TweetView";
				PRODUCT_NAME = "$(TARGET_NAME)";
			};
			name = Debug;
		};
		04EC7A171BB3851300854178 /* Release */ = {
			isa = XCBuildConfiguration;
			buildSettings = {
				ASSETCATALOG_COMPILER_APPICON_NAME = AppIcon;
				INFOPLIST_FILE = TweetView/Info.plist;
				IPHONEOS_DEPLOYMENT_TARGET = 9.0;
				LD_RUNPATH_SEARCH_PATHS = "$(inherited) @executable_path/Frameworks";
				PRODUCT_BUNDLE_IDENTIFIER = "com.neil-r.TweetView";
				PRODUCT_NAME = "$(TARGET_NAME)";
			};
			name = Release;
		};
/* End XCBuildConfiguration section */

/* Begin XCConfigurationList section */
		04EC79FE1BB3851300854178 /* Build configuration list for PBXProject "TweetView" */ = {
			isa = XCConfigurationList;
			buildConfigurations = (
				04EC7A131BB3851300854178 /* Debug */,
				04EC7A141BB3851300854178 /* Release */,
			);
			defaultConfigurationIsVisible = 0;
			defaultConfigurationName = Release;
		};
		04EC7A151BB3851300854178 /* Build configuration list for PBXNativeTarget "TweetView" */ = {
			isa = XCConfigurationList;
			buildConfigurations = (
				04EC7A161BB3851300854178 /* Debug */,
				04EC7A171BB3851300854178 /* Release */,
			);
			defaultConfigurationIsVisible = 0;
			defaultConfigurationName = Release;
		};
/* End XCConfigurationList section */
	};
	rootObject = 04EC79FB1BB3851300854178 /* Project object */;
}
